// !$*UTF8*$!
{
	archiveVersion = 1;
	classes = {
	};
	objectVersion = 46;
	objects = {

/* Begin PBXBuildFile section */
		A87CA19232609C2700000000 /* AppDelegate.swift in Sources */ = {isa = PBXBuildFile; fileRef = C200DE9532609C2700000000 /* AppDelegate.swift */; };
		A87CA19232609C2700000001 /* AppDelegate.swift in Sources */ = {isa = PBXBuildFile; fileRef = C200DE9532609C2700000000 /* AppDelegate.swift */; };
		A87CA1927435E8E400000000 /* ViewController.swift in Sources */ = {isa = PBXBuildFile; fileRef = C200DE957435E8E400000000 /* ViewController.swift */; };
		A87CA1927435E8E400000001 /* ViewController.swift in Sources */ = {isa = PBXBuildFile; fileRef = C200DE957435E8E400000000 /* ViewController.swift */; };
		A87CA192BECE1A6300000000 /* SceneDelegate.swift in Sources */ = {isa = PBXBuildFile; fileRef = C200DE95BECE1A6300000000 /* SceneDelegate.swift */; };
		A87CA192BECE1A6300000001 /* SceneDelegate.swift in Sources */ = {isa = PBXBuildFile; fileRef = C200DE95BECE1A6300000000 /* SceneDelegate.swift */; };
/* End PBXBuildFile section */

/* Begin PBXContainerItemProxy section */
		2EE965CE3A22FE1B00000000 /* PBXContainerItemProxy */ = {
			isa = PBXContainerItemProxy;
			containerPortal = 60E3308F9738114A00000000 /* Project object */;
			proxyType = 1;
			remoteGlobalIDString = A2EC32FA3A22FE1A00000000;
		};
/* End PBXContainerItemProxy section */

/* Begin PBXFileReference section */
		C200DE9514E3C83E00000000 /* Base */ = {isa = PBXFileReference; lastKnownFileType = text; name = Base; path = Bazel/Base.lproj/Main.storyboard; sourceTree = "<group>"; };
		C200DE9526D354F200000000 /* Base */ = {isa = PBXFileReference; lastKnownFileType = text; name = Base; path = Bazel/Base.lproj/LaunchScreen.storyboard; sourceTree = "<group>"; };
		C200DE9532609C2700000000 /* AppDelegate.swift */ = {isa = PBXFileReference; lastKnownFileType = sourcecode.swift; name = AppDelegate.swift; path = Bazel/AppDelegate.swift; sourceTree = "<group>"; };
		C200DE954557633D00000000 /* Info.plist */ = {isa = PBXFileReference; explicitFileType = text.plist; name = Info.plist; path = "tulsi-workspace/bazel-tulsi-includes/x/x/Bazel/Bazel-intermediates/Info.plist"; sourceTree = "<group>"; };
		C200DE95460ED5B400000000 /* Bazel.app */ = {isa = PBXFileReference; explicitFileType = wrapper.application; path = Bazel.app; sourceTree = BUILT_PRODUCTS_DIR; };
		C200DE957435E8E400000000 /* ViewController.swift */ = {isa = PBXFileReference; lastKnownFileType = sourcecode.swift; name = ViewController.swift; path = Bazel/ViewController.swift; sourceTree = "<group>"; };
		C200DE95B0A69D7100000000 /* Info.plist */ = {isa = PBXFileReference; lastKnownFileType = text.plist; name = Info.plist; path = Bazel/Info.plist; sourceTree = "<group>"; };
		C200DE95BB33549E00000000 /* libBazel-Sources.a */ = {isa = PBXFileReference; explicitFileType = archive.ar; path = "libBazel-Sources.a"; sourceTree = BUILT_PRODUCTS_DIR; };
		C200DE95BECE1A6300000000 /* SceneDelegate.swift */ = {isa = PBXFileReference; lastKnownFileType = sourcecode.swift; name = SceneDelegate.swift; path = Bazel/SceneDelegate.swift; sourceTree = "<group>"; };
		C200DE95C052B9D800000000 /* _idx_Sources_FA878D6C_ios_min13.4.framework */ = {isa = PBXFileReference; explicitFileType = wrapper.framework; path = _idx_Sources_FA878D6C_ios_min13.4.framework; sourceTree = BUILT_PRODUCTS_DIR; };
		C200DE95C811AB5000000000 /* _idx_Sources_FA878D6C_ios_min13.0.framework */ = {isa = PBXFileReference; explicitFileType = wrapper.framework; path = _idx_Sources_FA878D6C_ios_min13.0.framework; sourceTree = BUILT_PRODUCTS_DIR; };
		C200DE95F03ACB6700000000 /* BUILD */ = {isa = PBXFileReference; lastKnownFileType = text; name = BUILD; path = Bazel/BUILD; sourceTree = "<group>"; };
/* End PBXFileReference section */

/* Begin PBXGroup section */
		29D4E6FF226DE13600000000 /* bazel-tulsi-includes */ = {
			isa = PBXGroup;
			children = (
				29D4E6FFEA0B149100000000 /* x */,
			);
			name = "bazel-tulsi-includes";
			sourceTree = "<group>";
		};
		29D4E6FF280A3CE800000000 /* mainGroup */ = {
			isa = PBXGroup;
			children = (
				29D4E6FF9738114A00000000 /* Bazel */,
				29D4E6FFC19BD49700000000 /* Products */,
			);
			name = mainGroup;
			sourceTree = SOURCE_ROOT;
		};
		29D4E6FF9738114A00000000 /* Bazel */ = {
			isa = PBXGroup;
			children = (
				C200DE9532609C2700000000 /* AppDelegate.swift */,
				C200DE95F03ACB6700000000 /* BUILD */,
				C200DE95B0A69D7100000000 /* Info.plist */,
				D56433530C695ADD00000000 /* LaunchScreen.storyboard */,
				D5643353C99EECB100000000 /* Main.storyboard */,
				C200DE95BECE1A6300000000 /* SceneDelegate.swift */,
				C200DE957435E8E400000000 /* ViewController.swift */,
			);
			name = Bazel;
			sourceTree = "<group>";
		};
		29D4E6FF9738114A00000001 /* Bazel */ = {
			isa = PBXGroup;
			children = (
				29D4E6FFA7A8633300000000 /* Bazel-intermediates */,
			);
			name = Bazel;
			sourceTree = "<group>";
		};
		29D4E6FFA7A8633300000000 /* Bazel-intermediates */ = {
			isa = PBXGroup;
			children = (
				C200DE954557633D00000000 /* Info.plist */,
			);
			name = "Bazel-intermediates";
			sourceTree = "<group>";
		};
		29D4E6FFBA24498500000000 /* Indexer */ = {
			isa = PBXGroup;
			children = (
				C200DE95C811AB5000000000 /* _idx_Sources_FA878D6C_ios_min13.0.framework */,
				C200DE95C052B9D800000000 /* _idx_Sources_FA878D6C_ios_min13.4.framework */,
			);
			name = Indexer;
			sourceTree = "<group>";
		};
		29D4E6FFC19BD49700000000 /* Products */ = {
			isa = PBXGroup;
			children = (
				C200DE95460ED5B400000000 /* Bazel.app */,
				29D4E6FFBA24498500000000 /* Indexer */,
				29D4E6FF226DE13600000000 /* bazel-tulsi-includes */,
				C200DE95BB33549E00000000 /* libBazel-Sources.a */,
			);
			name = Products;
			sourceTree = "<group>";
		};
		29D4E6FFEA0B149100000000 /* x */ = {
			isa = PBXGroup;
			children = (
				29D4E6FFEA0B149100000001 /* x */,
			);
			name = x;
			sourceTree = "<group>";
		};
		29D4E6FFEA0B149100000001 /* x */ = {
			isa = PBXGroup;
			children = (
				29D4E6FF9738114A00000001 /* Bazel */,
			);
			name = x;
			sourceTree = "<group>";
		};
/* End PBXGroup section */

/* Begin PBXLegacyTarget section */
		A2EC32FA3A22FE1A00000000 /* _bazel_clean_ */ = {
			isa = PBXLegacyTarget;
			buildArgumentsString = "\"/usr/local/bin/bazel\" \"bazel-bin\"";
			buildConfigurationList = 406C5CEBF55EE13000000000 /* Build configuration list for PBXLegacyTarget "_bazel_clean_" */;
			buildPhases = (
			);
			buildToolPath = "${PROJECT_FILE_PATH}/.tulsi/Scripts/bazel_clean.sh";
			buildWorkingDirectory = "";
			dependencies = (
			);
			name = _bazel_clean_;
			passBuildSettingsInEnvironment = 1;
			productName = _bazel_clean_;
		};
/* End PBXLegacyTarget section */

/* Begin PBXNativeTarget section */
		F86E8680021375C000000000 /* _idx_Sources_FA878D6C_ios_min13.4 */ = {
			isa = PBXNativeTarget;
			buildConfigurationList = 406C5CEB54B36CE500000000 /* Build configuration list for PBXNativeTarget "_idx_Sources_FA878D6C_ios_min13.4" */;
			buildPhases = (
				75B621820000000000000001 /* Sources */,
			);
			buildRules = (
			);
			dependencies = (
				C2199FDC3A22FE1B00000000 /* PBXTargetDependency */,
			);
			name = _idx_Sources_FA878D6C_ios_min13.4;
			productName = _idx_Sources_FA878D6C_ios_min13.4;
			productReference = C200DE95C052B9D800000000 /* _idx_Sources_FA878D6C_ios_min13.4.framework */;
			productType = "com.apple.product-type.framework";
		};
		F86E86801A1FF9A000000000 /* _idx_Sources_FA878D6C_ios_min13.0 */ = {
			isa = PBXNativeTarget;
			buildConfigurationList = 406C5CEB97B9EEA500000000 /* Build configuration list for PBXNativeTarget "_idx_Sources_FA878D6C_ios_min13.0" */;
			buildPhases = (
				75B621820000000000000000 /* Sources */,
			);
			buildRules = (
			);
			dependencies = (
				C2199FDC3A22FE1B00000000 /* PBXTargetDependency */,
			);
			name = _idx_Sources_FA878D6C_ios_min13.0;
			productName = _idx_Sources_FA878D6C_ios_min13.0;
			productReference = C200DE95C811AB5000000000 /* _idx_Sources_FA878D6C_ios_min13.0.framework */;
			productType = "com.apple.product-type.framework";
		};
		F86E86802E70229400000000 /* Bazel */ = {
			isa = PBXNativeTarget;
			buildConfigurationList = 406C5CEBA59FB36500000000 /* Build configuration list for PBXNativeTarget "Bazel" */;
			buildPhases = (
				E083A273E8538CA700000000 /* ShellScript */,
			);
			buildRules = (
			);
			dependencies = (
				C2199FDC3A22FE1B00000000 /* PBXTargetDependency */,
			);
			name = Bazel;
			productName = Bazel;
			productReference = C200DE95460ED5B400000000 /* Bazel.app */;
			productType = "com.apple.product-type.application";
		};
		F86E8680383D464200000000 /* Bazel-Sources */ = {
			isa = PBXNativeTarget;
			buildConfigurationList = 406C5CEBABBD101300000000 /* Build configuration list for PBXNativeTarget "Bazel-Sources" */;
			buildPhases = (
				E083A27334AA079600000000 /* ShellScript */,
			);
			buildRules = (
			);
			dependencies = (
				C2199FDC3A22FE1B00000000 /* PBXTargetDependency */,
			);
			name = "Bazel-Sources";
			productName = "Bazel-Sources";
			productReference = C200DE95BB33549E00000000 /* libBazel-Sources.a */;
			productType = "com.apple.product-type.library.static";
		};
/* End PBXNativeTarget section */

/* Begin PBXProject section */
		60E3308F9738114A00000000 /* Project object */ = {
			isa = PBXProject;
			attributes = {
				LastSwiftUpdateCheck = 0710;
				LastUpgradeCheck = 1000;
			};
			buildConfigurationList = 406C5CEBE52F8DF600000000 /* Build configuration list for PBXProject "Bazel" */;
			compatibilityVersion = "Xcode 3.2";
			developmentRegion = English;
			hasScannedForEncodings = 0;
			knownRegions = (
				English,
				en,
				Base,
			);
			mainGroup = 29D4E6FF280A3CE800000000 /* mainGroup */;
			projectDirPath = "";
			projectRoot = "";
			targets = (
				F86E86802E70229400000000 /* Bazel */,
				F86E8680383D464200000000 /* Bazel-Sources */,
				A2EC32FA3A22FE1A00000000 /* _bazel_clean_ */,
				F86E86801A1FF9A000000000 /* _idx_Sources_FA878D6C_ios_min13.0 */,
				F86E8680021375C000000000 /* _idx_Sources_FA878D6C_ios_min13.4 */,
			);
		};
/* End PBXProject section */

/* Begin PBXShellScriptBuildPhase section */
		E083A27334AA079600000000 /* ShellScript */ = {
			isa = PBXShellScriptBuildPhase;
			buildActionMask = 0;
			files = (
			);
			inputPaths = (
				"$(TARGET_BUILD_DIR)/$(INFOPLIST_PATH)",
			);
			outputPaths = (
			);
			runOnlyForDeploymentPostprocessing = 0;
			shellPath = /bin/bash;
			shellScript = "set -e\n\nexec \"${PROJECT_FILE_PATH}/.tulsi/Scripts/bazel_build.py\" //Bazel:Sources --bazel \"/usr/local/bin/bazel\" --bazel_bin_path \"bazel-bin\" --verbose ";
		};
		E083A273E8538CA700000000 /* ShellScript */ = {
			isa = PBXShellScriptBuildPhase;
			buildActionMask = 0;
			files = (
			);
			inputPaths = (
				"$(TARGET_BUILD_DIR)/$(INFOPLIST_PATH)",
			);
			outputPaths = (
			);
			runOnlyForDeploymentPostprocessing = 0;
			shellPath = /bin/bash;
			shellScript = "set -e\n\nexec \"${PROJECT_FILE_PATH}/.tulsi/Scripts/bazel_build.py\" //Bazel:Bazel --bazel \"/usr/local/bin/bazel\" --bazel_bin_path \"bazel-bin\" --verbose ";
		};
/* End PBXShellScriptBuildPhase section */

/* Begin PBXSourcesBuildPhase section */
		75B621820000000000000000 /* Sources */ = {
			isa = PBXSourcesBuildPhase;
			buildActionMask = 0;
			files = (
				A87CA192BECE1A6300000000 /* SceneDelegate.swift in Sources */,
				A87CA19232609C2700000000 /* AppDelegate.swift in Sources */,
				A87CA1927435E8E400000000 /* ViewController.swift in Sources */,
			);
			runOnlyForDeploymentPostprocessing = 0;
		};
		75B621820000000000000001 /* Sources */ = {
			isa = PBXSourcesBuildPhase;
			buildActionMask = 0;
			files = (
				A87CA192BECE1A6300000001 /* SceneDelegate.swift in Sources */,
				A87CA19232609C2700000001 /* AppDelegate.swift in Sources */,
				A87CA1927435E8E400000001 /* ViewController.swift in Sources */,
			);
			runOnlyForDeploymentPostprocessing = 0;
		};
/* End PBXSourcesBuildPhase section */

/* Begin PBXTargetDependency section */
		C2199FDC3A22FE1B00000000 /* PBXTargetDependency */ = {
			isa = PBXTargetDependency;
			target = A2EC32FA3A22FE1A00000000 /* _bazel_clean_ */;
			targetProxy = 2EE965CE3A22FE1B00000000 /* PBXContainerItemProxy */;
		};
/* End PBXTargetDependency section */

/* Begin PBXVariantGroup section */
		D56433530C695ADD00000000 /* LaunchScreen.storyboard */ = {
			isa = PBXVariantGroup;
			children = (
				C200DE9526D354F200000000 /* Base */,
			);
			name = LaunchScreen.storyboard;
			sourceTree = "<group>";
		};
		D5643353C99EECB100000000 /* Main.storyboard */ = {
			isa = PBXVariantGroup;
			children = (
				C200DE9514E3C83E00000000 /* Base */,
			);
			name = Main.storyboard;
			sourceTree = "<group>";
		};
/* End PBXVariantGroup section */

/* Begin XCBuildConfiguration section */
		E3BFFA6C2FC9451C00000000 /* Release */ = {
			isa = XCBuildConfiguration;
			buildSettings = {
				ALWAYS_SEARCH_USER_PATHS = NO;
				CLANG_CXX_LANGUAGE_STANDARD = "gnu++17";
				CLANG_ENABLE_OBJC_ARC = YES;
				CLANG_WARN_BOOL_CONVERSION = YES;
				CLANG_WARN_CONSTANT_CONVERSION = YES;
				CLANG_WARN_EMPTY_BODY = YES;
				CLANG_WARN_ENUM_CONVERSION = YES;
				CLANG_WARN_INT_CONVERSION = YES;
				CLANG_WARN_UNREACHABLE_CODE = YES;
				CLANG_WARN__DUPLICATE_METHOD_MATCH = YES;
				CODE_SIGNING_REQUIRED = NO;
				CODE_SIGN_IDENTITY = "";
				DONT_RUN_SWIFT_STDLIB_TOOL = YES;
				ENABLE_TESTABILITY = YES;
				FRAMEWORK_SEARCH_PATHS = "$(PLATFORM_DIR)/Developer/Library/Frameworks";
				GCC_PREPROCESSOR_DEFINITIONS = "NDEBUG=1";
				GCC_WARN_64_TO_32_BIT_CONVERSION = YES;
				GCC_WARN_ABOUT_RETURN_TYPE = YES;
				GCC_WARN_UNDECLARED_SELECTOR = YES;
				GCC_WARN_UNINITIALIZED_AUTOS = YES;
				GCC_WARN_UNUSED_FUNCTION = YES;
				GCC_WARN_UNUSED_VARIABLE = YES;
				HEADER_SEARCH_PATHS = (
					"$(TULSI_BWRS)",
					"$(TULSI_WR)/bazel-bin",
					"$(TULSI_WR)/bazel-genfiles",
					"$(TULSI_BWRS)/bazel-tulsi-includes/x/x",
				);
				ONLY_ACTIVE_ARCH = YES;
				PYTHONIOENCODING = utf8;
				SDKROOT = iphoneos;
				SWIFT_VERSION = 5.2;
				TULSI_BWRS = "$(PROJECT_FILE_PATH)/.tulsi/tulsi-workspace";
				TULSI_PROJECT = Bazel;
				TULSI_VERSION = 0.20200219.88;
				TULSI_WR = "$(SRCROOT)";
			};
			name = Release;
		};
		E3BFFA6C2FC9451C00000001 /* Release */ = {
			isa = XCBuildConfiguration;
			buildSettings = {
				ASSETCATALOG_COMPILER_LAUNCHIMAGE_NAME = "Stub Launch Image";
				BAZEL_TARGET = "//Bazel:Bazel";
				DEBUG_INFORMATION_FORMAT = dwarf;
				GCC_PREPROCESSOR_DEFINITIONS = "NDEBUG=1";
				INFOPLIST_FILE = "${PROJECT_FILE_PATH}/.tulsi/Resources/StubInfoPlist.plist";
				IPHONEOS_DEPLOYMENT_TARGET = 13.0;
				PRODUCT_BUNDLE_IDENTIFIER = com.ogrenich.bazel;
				PRODUCT_NAME = Bazel;
				SDKROOT = iphoneos;
				TULSI_BUILD_PATH = Bazel;
				TULSI_XCODE_VERSION = 11.4.0.11E146;
			};
			name = Release;
		};
		E3BFFA6C2FC9451C00000002 /* Release */ = {
			isa = XCBuildConfiguration;
			buildSettings = {
				ASSETCATALOG_COMPILER_LAUNCHIMAGE_NAME = "Stub Launch Image";
				BAZEL_TARGET = "//Bazel:Sources";
				DEBUG_INFORMATION_FORMAT = dwarf;
				GCC_PREPROCESSOR_DEFINITIONS = "NDEBUG=1";
				INFOPLIST_FILE = "${PROJECT_FILE_PATH}/.tulsi/Resources/StubInfoPlist.plist";
				IPHONEOS_DEPLOYMENT_TARGET = 13.0;
				PRODUCT_NAME = "Bazel-Sources";
				SDKROOT = iphoneos;
				TULSI_BUILD_PATH = Bazel;
				TULSI_XCODE_VERSION = 11.4.0.11E146;
			};
			name = Release;
		};
		E3BFFA6C2FC9451C00000003 /* Release */ = {
			isa = XCBuildConfiguration;
			buildSettings = {
				GCC_PREPROCESSOR_DEFINITIONS = "NDEBUG=1";
				HEADER_SEARCH_PATHS = (
					"$(inherited)",
					"$(TULSI_BWRS)/bazel-tulsi-includes/x/x/",
				);
				IPHONEOS_DEPLOYMENT_TARGET = 13.0;
				OTHER_CFLAGS = (
					"-D_FORTIFY_SOURCE=1",
					"-D__DATE__=\"redacted\"",
					"-D__TIMESTAMP__=\"redacted\"",
					"-D__TIME__=\"redacted\"",
				);
				PRODUCT_NAME = _idx_Sources_FA878D6C_ios_min13.0;
				SDKROOT = iphoneos;
				SWIFT_INCLUDE_PATHS = "$(inherited) $(TULSI_BWRS)/bazel-tulsi-includes/x/x/Bazel";
			};
			name = Release;
		};
		E3BFFA6C2FC9451C00000004 /* Release */ = {
			isa = XCBuildConfiguration;
			buildSettings = {
				GCC_PREPROCESSOR_DEFINITIONS = "NDEBUG=1";
				HEADER_SEARCH_PATHS = (
					"$(inherited)",
					"$(TULSI_BWRS)/bazel-tulsi-includes/x/x/",
				);
				IPHONEOS_DEPLOYMENT_TARGET = 13.4;
				OTHER_CFLAGS = (
					"-D_FORTIFY_SOURCE=1",
					"-D__DATE__=\"redacted\"",
					"-D__TIMESTAMP__=\"redacted\"",
					"-D__TIME__=\"redacted\"",
				);
				PRODUCT_NAME = _idx_Sources_FA878D6C_ios_min13.4;
				SDKROOT = iphoneos;
				SWIFT_INCLUDE_PATHS = "$(inherited) $(TULSI_BWRS)/bazel-tulsi-includes/x/x/Bazel";
			};
			name = Release;
		};
		E3BFFA6C6A8617FF00000000 /* Debug */ = {
			isa = XCBuildConfiguration;
			buildSettings = {
				ALWAYS_SEARCH_USER_PATHS = NO;
				CLANG_CXX_LANGUAGE_STANDARD = "gnu++17";
				CLANG_ENABLE_OBJC_ARC = YES;
				CLANG_WARN_BOOL_CONVERSION = YES;
				CLANG_WARN_CONSTANT_CONVERSION = YES;
				CLANG_WARN_EMPTY_BODY = YES;
				CLANG_WARN_ENUM_CONVERSION = YES;
				CLANG_WARN_INT_CONVERSION = YES;
				CLANG_WARN_UNREACHABLE_CODE = YES;
				CLANG_WARN__DUPLICATE_METHOD_MATCH = YES;
				CODE_SIGNING_REQUIRED = NO;
				CODE_SIGN_IDENTITY = "";
				DONT_RUN_SWIFT_STDLIB_TOOL = YES;
				ENABLE_TESTABILITY = YES;
				FRAMEWORK_SEARCH_PATHS = "$(PLATFORM_DIR)/Developer/Library/Frameworks";
				GCC_PREPROCESSOR_DEFINITIONS = "DEBUG=1";
				GCC_WARN_64_TO_32_BIT_CONVERSION = YES;
				GCC_WARN_ABOUT_RETURN_TYPE = YES;
				GCC_WARN_UNDECLARED_SELECTOR = YES;
				GCC_WARN_UNINITIALIZED_AUTOS = YES;
				GCC_WARN_UNUSED_FUNCTION = YES;
				GCC_WARN_UNUSED_VARIABLE = YES;
				HEADER_SEARCH_PATHS = (
					"$(TULSI_BWRS)",
					"$(TULSI_WR)/bazel-bin",
					"$(TULSI_WR)/bazel-genfiles",
					"$(TULSI_BWRS)/bazel-tulsi-includes/x/x",
				);
				ONLY_ACTIVE_ARCH = YES;
				PYTHONIOENCODING = utf8;
				SDKROOT = iphoneos;
				SWIFT_VERSION = 5.2;
				TULSI_BWRS = "$(PROJECT_FILE_PATH)/.tulsi/tulsi-workspace";
				TULSI_PROJECT = Bazel;
				TULSI_VERSION = 0.20200219.88;
				TULSI_WR = "$(SRCROOT)";
			};
			name = Debug;
		};
		E3BFFA6C6A8617FF00000001 /* Debug */ = {
			isa = XCBuildConfiguration;
			buildSettings = {
				ASSETCATALOG_COMPILER_LAUNCHIMAGE_NAME = "Stub Launch Image";
				BAZEL_TARGET = "//Bazel:Bazel";
				DEBUG_INFORMATION_FORMAT = dwarf;
				GCC_PREPROCESSOR_DEFINITIONS = "DEBUG=1";
				INFOPLIST_FILE = "${PROJECT_FILE_PATH}/.tulsi/Resources/StubInfoPlist.plist";
				IPHONEOS_DEPLOYMENT_TARGET = 13.0;
				PRODUCT_BUNDLE_IDENTIFIER = com.ogrenich.bazel;
				PRODUCT_NAME = Bazel;
				SDKROOT = iphoneos;
				TULSI_BUILD_PATH = Bazel;
				TULSI_XCODE_VERSION = 11.4.0.11E146;
			};
			name = Debug;
		};
		E3BFFA6C6A8617FF00000002 /* Debug */ = {
			isa = XCBuildConfiguration;
			buildSettings = {
				ASSETCATALOG_COMPILER_LAUNCHIMAGE_NAME = "Stub Launch Image";
				BAZEL_TARGET = "//Bazel:Sources";
				DEBUG_INFORMATION_FORMAT = dwarf;
				GCC_PREPROCESSOR_DEFINITIONS = "DEBUG=1";
				INFOPLIST_FILE = "${PROJECT_FILE_PATH}/.tulsi/Resources/StubInfoPlist.plist";
				IPHONEOS_DEPLOYMENT_TARGET = 13.0;
				PRODUCT_NAME = "Bazel-Sources";
				SDKROOT = iphoneos;
				TULSI_BUILD_PATH = Bazel;
				TULSI_XCODE_VERSION = 11.4.0.11E146;
			};
			name = Debug;
		};
		E3BFFA6C6A8617FF00000003 /* Debug */ = {
			isa = XCBuildConfiguration;
			buildSettings = {
				GCC_PREPROCESSOR_DEFINITIONS = "DEBUG=1";
				HEADER_SEARCH_PATHS = (
					"$(inherited)",
					"$(TULSI_BWRS)/bazel-tulsi-includes/x/x/",
				);
				IPHONEOS_DEPLOYMENT_TARGET = 13.0;
				OTHER_CFLAGS = (
					"-D_FORTIFY_SOURCE=1",
					"-D__DATE__=\"redacted\"",
					"-D__TIMESTAMP__=\"redacted\"",
					"-D__TIME__=\"redacted\"",
				);
				PRODUCT_NAME = _idx_Sources_FA878D6C_ios_min13.0;
				SDKROOT = iphoneos;
				SWIFT_INCLUDE_PATHS = "$(inherited) $(TULSI_BWRS)/bazel-tulsi-includes/x/x/Bazel";
			};
			name = Debug;
		};
		E3BFFA6C6A8617FF00000004 /* Debug */ = {
			isa = XCBuildConfiguration;
			buildSettings = {
				GCC_PREPROCESSOR_DEFINITIONS = "DEBUG=1";
				HEADER_SEARCH_PATHS = (
					"$(inherited)",
					"$(TULSI_BWRS)/bazel-tulsi-includes/x/x/",
				);
				IPHONEOS_DEPLOYMENT_TARGET = 13.4;
				OTHER_CFLAGS = (
					"-D_FORTIFY_SOURCE=1",
					"-D__DATE__=\"redacted\"",
					"-D__TIMESTAMP__=\"redacted\"",
					"-D__TIME__=\"redacted\"",
				);
				PRODUCT_NAME = _idx_Sources_FA878D6C_ios_min13.4;
				SDKROOT = iphoneos;
				SWIFT_INCLUDE_PATHS = "$(inherited) $(TULSI_BWRS)/bazel-tulsi-includes/x/x/Bazel";
			};
			name = Debug;
		};
		E3BFFA6C8719BD0700000000 /* __TulsiTestRunner_Release */ = {
			isa = XCBuildConfiguration;
			buildSettings = {
				ALWAYS_SEARCH_USER_PATHS = NO;
				CLANG_CXX_LANGUAGE_STANDARD = "gnu++17";
				CLANG_ENABLE_OBJC_ARC = YES;
				CLANG_WARN_BOOL_CONVERSION = YES;
				CLANG_WARN_CONSTANT_CONVERSION = YES;
				CLANG_WARN_EMPTY_BODY = YES;
				CLANG_WARN_ENUM_CONVERSION = YES;
				CLANG_WARN_INT_CONVERSION = YES;
				CLANG_WARN_UNREACHABLE_CODE = YES;
				CLANG_WARN__DUPLICATE_METHOD_MATCH = YES;
				CODE_SIGNING_REQUIRED = NO;
				CODE_SIGN_IDENTITY = "";
				DONT_RUN_SWIFT_STDLIB_TOOL = YES;
				ENABLE_TESTABILITY = YES;
				FRAMEWORK_SEARCH_PATHS = "";
				GCC_PREPROCESSOR_DEFINITIONS = "NDEBUG=1";
				GCC_WARN_64_TO_32_BIT_CONVERSION = YES;
				GCC_WARN_ABOUT_RETURN_TYPE = YES;
				GCC_WARN_UNDECLARED_SELECTOR = YES;
				GCC_WARN_UNINITIALIZED_AUTOS = YES;
				GCC_WARN_UNUSED_FUNCTION = YES;
				GCC_WARN_UNUSED_VARIABLE = YES;
				HEADER_SEARCH_PATHS = "";
				ONLY_ACTIVE_ARCH = YES;
				OTHER_CFLAGS = "--version";
				OTHER_LDFLAGS = "--version";
				OTHER_SWIFT_FLAGS = "--version";
				PYTHONIOENCODING = utf8;
				SDKROOT = iphoneos;
				SWIFT_INSTALL_OBJC_HEADER = NO;
				SWIFT_OBJC_INTERFACE_HEADER_NAME = "$(PRODUCT_NAME).h";
				SWIFT_VERSION = 5.2;
				TULSI_BWRS = "$(PROJECT_FILE_PATH)/.tulsi/tulsi-workspace";
				TULSI_PROJECT = Bazel;
				TULSI_VERSION = 0.20200219.88;
				TULSI_WR = "$(SRCROOT)";
			};
			name = __TulsiTestRunner_Release;
		};
		E3BFFA6C8719BD0700000001 /* __TulsiTestRunner_Release */ = {
			isa = XCBuildConfiguration;
			buildSettings = {
				ASSETCATALOG_COMPILER_LAUNCHIMAGE_NAME = "Stub Launch Image";
				BAZEL_TARGET = "//Bazel:Bazel";
				DEBUG_INFORMATION_FORMAT = dwarf;
				FRAMEWORK_SEARCH_PATHS = "";
				GCC_PREPROCESSOR_DEFINITIONS = "NDEBUG=1";
				HEADER_SEARCH_PATHS = "";
				INFOPLIST_FILE = "${PROJECT_FILE_PATH}/.tulsi/Resources/StubInfoPlist.plist";
				IPHONEOS_DEPLOYMENT_TARGET = 13.0;
				ONLY_ACTIVE_ARCH = YES;
				OTHER_CFLAGS = "--version";
				OTHER_LDFLAGS = "--version";
				OTHER_SWIFT_FLAGS = "--version";
				PRODUCT_BUNDLE_IDENTIFIER = com.ogrenich.bazel;
				PRODUCT_NAME = Bazel;
				SDKROOT = iphoneos;
				SWIFT_INSTALL_OBJC_HEADER = NO;
				SWIFT_OBJC_INTERFACE_HEADER_NAME = "$(PRODUCT_NAME).h";
				TULSI_BUILD_PATH = Bazel;
				TULSI_XCODE_VERSION = 11.4.0.11E146;
			};
			name = __TulsiTestRunner_Release;
		};
		E3BFFA6C8719BD0700000002 /* __TulsiTestRunner_Release */ = {
			isa = XCBuildConfiguration;
			buildSettings = {
				ASSETCATALOG_COMPILER_LAUNCHIMAGE_NAME = "Stub Launch Image";
				BAZEL_TARGET = "//Bazel:Sources";
				DEBUG_INFORMATION_FORMAT = dwarf;
				FRAMEWORK_SEARCH_PATHS = "";
				GCC_PREPROCESSOR_DEFINITIONS = "NDEBUG=1";
				HEADER_SEARCH_PATHS = "";
				INFOPLIST_FILE = "${PROJECT_FILE_PATH}/.tulsi/Resources/StubInfoPlist.plist";
				IPHONEOS_DEPLOYMENT_TARGET = 13.0;
				ONLY_ACTIVE_ARCH = YES;
				OTHER_CFLAGS = "--version";
				OTHER_LDFLAGS = "--version";
				OTHER_SWIFT_FLAGS = "--version";
				PRODUCT_NAME = "Bazel-Sources";
				SDKROOT = iphoneos;
				SWIFT_INSTALL_OBJC_HEADER = NO;
				SWIFT_OBJC_INTERFACE_HEADER_NAME = "$(PRODUCT_NAME).h";
				TULSI_BUILD_PATH = Bazel;
				TULSI_XCODE_VERSION = 11.4.0.11E146;
			};
			name = __TulsiTestRunner_Release;
		};
		E3BFFA6CC96D727C00000000 /* __TulsiTestRunner_Debug */ = {
			isa = XCBuildConfiguration;
			buildSettings = {
				ALWAYS_SEARCH_USER_PATHS = NO;
				CLANG_CXX_LANGUAGE_STANDARD = "gnu++17";
				CLANG_ENABLE_OBJC_ARC = YES;
				CLANG_WARN_BOOL_CONVERSION = YES;
				CLANG_WARN_CONSTANT_CONVERSION = YES;
				CLANG_WARN_EMPTY_BODY = YES;
				CLANG_WARN_ENUM_CONVERSION = YES;
				CLANG_WARN_INT_CONVERSION = YES;
				CLANG_WARN_UNREACHABLE_CODE = YES;
				CLANG_WARN__DUPLICATE_METHOD_MATCH = YES;
				CODE_SIGNING_REQUIRED = NO;
				CODE_SIGN_IDENTITY = "";
				DONT_RUN_SWIFT_STDLIB_TOOL = YES;
				ENABLE_TESTABILITY = YES;
				FRAMEWORK_SEARCH_PATHS = "";
				GCC_PREPROCESSOR_DEFINITIONS = "DEBUG=1";
				GCC_WARN_64_TO_32_BIT_CONVERSION = YES;
				GCC_WARN_ABOUT_RETURN_TYPE = YES;
				GCC_WARN_UNDECLARED_SELECTOR = YES;
				GCC_WARN_UNINITIALIZED_AUTOS = YES;
				GCC_WARN_UNUSED_FUNCTION = YES;
				GCC_WARN_UNUSED_VARIABLE = YES;
				HEADER_SEARCH_PATHS = "";
				ONLY_ACTIVE_ARCH = YES;
				OTHER_CFLAGS = "--version";
				OTHER_LDFLAGS = "--version";
				OTHER_SWIFT_FLAGS = "--version";
				PYTHONIOENCODING = utf8;
				SDKROOT = iphoneos;
				SWIFT_INSTALL_OBJC_HEADER = NO;
				SWIFT_OBJC_INTERFACE_HEADER_NAME = "$(PRODUCT_NAME).h";
				SWIFT_VERSION = 5.2;
				TULSI_BWRS = "$(PROJECT_FILE_PATH)/.tulsi/tulsi-workspace";
				TULSI_PROJECT = Bazel;
				TULSI_VERSION = 0.20200219.88;
				TULSI_WR = "$(SRCROOT)";
			};
			name = __TulsiTestRunner_Debug;
		};
		E3BFFA6CC96D727C00000001 /* __TulsiTestRunner_Debug */ = {
			isa = XCBuildConfiguration;
			buildSettings = {
				ASSETCATALOG_COMPILER_LAUNCHIMAGE_NAME = "Stub Launch Image";
				BAZEL_TARGET = "//Bazel:Bazel";
				DEBUG_INFORMATION_FORMAT = dwarf;
				FRAMEWORK_SEARCH_PATHS = "";
				GCC_PREPROCESSOR_DEFINITIONS = "DEBUG=1";
				HEADER_SEARCH_PATHS = "";
				INFOPLIST_FILE = "${PROJECT_FILE_PATH}/.tulsi/Resources/StubInfoPlist.plist";
				IPHONEOS_DEPLOYMENT_TARGET = 13.0;
				ONLY_ACTIVE_ARCH = YES;
				OTHER_CFLAGS = "--version";
				OTHER_LDFLAGS = "--version";
				OTHER_SWIFT_FLAGS = "--version";
				PRODUCT_BUNDLE_IDENTIFIER = com.ogrenich.bazel;
				PRODUCT_NAME = Bazel;
				SDKROOT = iphoneos;
				SWIFT_INSTALL_OBJC_HEADER = NO;
				SWIFT_OBJC_INTERFACE_HEADER_NAME = "$(PRODUCT_NAME).h";
				TULSI_BUILD_PATH = Bazel;
				TULSI_XCODE_VERSION = 11.4.0.11E146;
			};
			name = __TulsiTestRunner_Debug;
		};
		E3BFFA6CC96D727C00000002 /* __TulsiTestRunner_Debug */ = {
			isa = XCBuildConfiguration;
			buildSettings = {
				ASSETCATALOG_COMPILER_LAUNCHIMAGE_NAME = "Stub Launch Image";
				BAZEL_TARGET = "//Bazel:Sources";
				DEBUG_INFORMATION_FORMAT = dwarf;
				FRAMEWORK_SEARCH_PATHS = "";
				GCC_PREPROCESSOR_DEFINITIONS = "DEBUG=1";
				HEADER_SEARCH_PATHS = "";
				INFOPLIST_FILE = "${PROJECT_FILE_PATH}/.tulsi/Resources/StubInfoPlist.plist";
				IPHONEOS_DEPLOYMENT_TARGET = 13.0;
				ONLY_ACTIVE_ARCH = YES;
				OTHER_CFLAGS = "--version";
				OTHER_LDFLAGS = "--version";
				OTHER_SWIFT_FLAGS = "--version";
				PRODUCT_NAME = "Bazel-Sources";
				SDKROOT = iphoneos;
				SWIFT_INSTALL_OBJC_HEADER = NO;
				SWIFT_OBJC_INTERFACE_HEADER_NAME = "$(PRODUCT_NAME).h";
				TULSI_BUILD_PATH = Bazel;
				TULSI_XCODE_VERSION = 11.4.0.11E146;
			};
			name = __TulsiTestRunner_Debug;
		};
		F07B399F2436794C0032A2B8 /* Debug */ = {
			isa = XCBuildConfiguration;
			buildSettings = {
				COPY_PHASE_STRIP = NO;
				GCC_DYNAMIC_NO_PIC = NO;
				GCC_OPTIMIZATION_LEVEL = 0;
				PRODUCT_NAME = _bazel_clean_;
			};
			name = Debug;
		};
		F07B39A02436794C0032A2B8 /* Release */ = {
			isa = XCBuildConfiguration;
			buildSettings = {
				COPY_PHASE_STRIP = YES;
				DEBUG_INFORMATION_FORMAT = "dwarf-with-dsym";
				PRODUCT_NAME = _bazel_clean_;
			};
			name = Release;
		};
		F07B39A12436794C0032A2B8 /* __TulsiTestRunner_Debug */ = {
			isa = XCBuildConfiguration;
			buildSettings = {
				PRODUCT_NAME = _bazel_clean_;
			};
			name = __TulsiTestRunner_Debug;
		};
		F07B39A22436794C0032A2B8 /* __TulsiTestRunner_Release */ = {
			isa = XCBuildConfiguration;
			buildSettings = {
				PRODUCT_NAME = _bazel_clean_;
			};
			name = __TulsiTestRunner_Release;
		};
		F07B39A32436794C0032A2B8 /* __TulsiTestRunner_Debug */ = {
			isa = XCBuildConfiguration;
			buildSettings = {
				PRODUCT_NAME = _idx_Sources_FA878D6C_ios_min13.0;
			};
			name = __TulsiTestRunner_Debug;
		};
		F07B39A42436794C0032A2B8 /* __TulsiTestRunner_Release */ = {
			isa = XCBuildConfiguration;
			buildSettings = {
				PRODUCT_NAME = _idx_Sources_FA878D6C_ios_min13.0;
			};
			name = __TulsiTestRunner_Release;
		};
		F07B39A52436794C0032A2B8 /* __TulsiTestRunner_Debug */ = {
			isa = XCBuildConfiguration;
			buildSettings = {
				PRODUCT_NAME = _idx_Sources_FA878D6C_ios_min13.4;
			};
			name = __TulsiTestRunner_Debug;
		};
		F07B39A62436794C0032A2B8 /* __TulsiTestRunner_Release */ = {
			isa = XCBuildConfiguration;
			buildSettings = {
				PRODUCT_NAME = _idx_Sources_FA878D6C_ios_min13.4;
			};
			name = __TulsiTestRunner_Release;
		};
/* End XCBuildConfiguration section */

/* Begin XCConfigurationList section */
		406C5CEB54B36CE500000000 /* Build configuration list for PBXNativeTarget "_idx_Sources_FA878D6C_ios_min13.4" */ = {
			isa = XCConfigurationList;
			buildConfigurations = (
				E3BFFA6C6A8617FF00000004 /* Debug */,
				E3BFFA6C2FC9451C00000004 /* Release */,
				F07B39A52436794C0032A2B8 /* __TulsiTestRunner_Debug */,
				F07B39A62436794C0032A2B8 /* __TulsiTestRunner_Release */,
			);
			defaultConfigurationIsVisible = 0;
			defaultConfigurationName = Release;
		};
		406C5CEB97B9EEA500000000 /* Build configuration list for PBXNativeTarget "_idx_Sources_FA878D6C_ios_min13.0" */ = {
			isa = XCConfigurationList;
			buildConfigurations = (
				E3BFFA6C6A8617FF00000003 /* Debug */,
				E3BFFA6C2FC9451C00000003 /* Release */,
				F07B39A32436794C0032A2B8 /* __TulsiTestRunner_Debug */,
				F07B39A42436794C0032A2B8 /* __TulsiTestRunner_Release */,
			);
			defaultConfigurationIsVisible = 0;
			defaultConfigurationName = Release;
		};
		406C5CEBA59FB36500000000 /* Build configuration list for PBXNativeTarget "Bazel" */ = {
			isa = XCConfigurationList;
			buildConfigurations = (
				E3BFFA6C6A8617FF00000001 /* Debug */,
				E3BFFA6C2FC9451C00000001 /* Release */,
				E3BFFA6CC96D727C00000001 /* __TulsiTestRunner_Debug */,
				E3BFFA6C8719BD0700000001 /* __TulsiTestRunner_Release */,
			);
			defaultConfigurationIsVisible = 0;
			defaultConfigurationName = Release;
		};
		406C5CEBABBD101300000000 /* Build configuration list for PBXNativeTarget "Bazel-Sources" */ = {
			isa = XCConfigurationList;
			buildConfigurations = (
				E3BFFA6C6A8617FF00000002 /* Debug */,
				E3BFFA6C2FC9451C00000002 /* Release */,
				E3BFFA6CC96D727C00000002 /* __TulsiTestRunner_Debug */,
				E3BFFA6C8719BD0700000002 /* __TulsiTestRunner_Release */,
			);
			defaultConfigurationIsVisible = 0;
			defaultConfigurationName = Release;
		};
		406C5CEBE52F8DF600000000 /* Build configuration list for PBXProject "Bazel" */ = {
			isa = XCConfigurationList;
			buildConfigurations = (
				E3BFFA6C6A8617FF00000000 /* Debug */,
				E3BFFA6C2FC9451C00000000 /* Release */,
				E3BFFA6CC96D727C00000000 /* __TulsiTestRunner_Debug */,
				E3BFFA6C8719BD0700000000 /* __TulsiTestRunner_Release */,
			);
			defaultConfigurationIsVisible = 0;
			defaultConfigurationName = Release;
		};
		406C5CEBF55EE13000000000 /* Build configuration list for PBXLegacyTarget "_bazel_clean_" */ = {
			isa = XCConfigurationList;
			buildConfigurations = (
				F07B399F2436794C0032A2B8 /* Debug */,
				F07B39A02436794C0032A2B8 /* Release */,
				F07B39A12436794C0032A2B8 /* __TulsiTestRunner_Debug */,
				F07B39A22436794C0032A2B8 /* __TulsiTestRunner_Release */,
			);
			defaultConfigurationIsVisible = 0;
			defaultConfigurationName = Release;
		};
/* End XCConfigurationList section */
	};
	rootObject = 60E3308F9738114A00000000 /* Project object */;
}
