// !$*UTF8*$!
{
	archiveVersion = 1;
	classes = {
	};
	objectVersion = 46;
	objects = {

/* Begin PBXBuildFile section */
		9A7B04B63CFFE6F800000000 /* AppDelegate.swift in Sources */ = {isa = PBXBuildFile; fileRef = A4F704AA3CFFE6F800000000 /* AppDelegate.swift */; };
		9A7B04B63CFFE6F800000001 /* AppDelegate.swift in Sources */ = {isa = PBXBuildFile; fileRef = A4F704AA3CFFE6F800000000 /* AppDelegate.swift */; };
		9A7B04B67516E99200000000 /* ViewController.swift in Sources */ = {isa = PBXBuildFile; fileRef = A4F704AA7516E99200000000 /* ViewController.swift */; };
		9A7B04B67516E99200000001 /* ViewController.swift in Sources */ = {isa = PBXBuildFile; fileRef = A4F704AA7516E99200000000 /* ViewController.swift */; };
		9A7B04B6F42A3D1A00000000 /* SceneDelegate.swift in Sources */ = {isa = PBXBuildFile; fileRef = A4F704AAF42A3D1A00000000 /* SceneDelegate.swift */; };
		9A7B04B6F42A3D1A00000001 /* SceneDelegate.swift in Sources */ = {isa = PBXBuildFile; fileRef = A4F704AAF42A3D1A00000000 /* SceneDelegate.swift */; };
/* End PBXBuildFile section */

/* Begin PBXContainerItemProxy section */
		59F7CCCB8B6520ED00000000 /* PBXContainerItemProxy */ = {
			isa = PBXContainerItemProxy;
			containerPortal = C21AD52C2F14E81D00000000 /* Project object */;
			proxyType = 1;
			remoteGlobalIDString = 9044B1F58B6520EC00000000;
		};
/* End PBXContainerItemProxy section */

/* Begin PBXFileReference section */
		A4F704AA1F45685D00000000 /* BUILD */ = {isa = PBXFileReference; lastKnownFileType = text; name = BUILD; path = Bazel/BUILD; sourceTree = "<group>"; };
		A4F704AA3CFFE6F800000000 /* AppDelegate.swift */ = {isa = PBXFileReference; lastKnownFileType = sourcecode.swift; name = AppDelegate.swift; path = Bazel/AppDelegate.swift; sourceTree = "<group>"; };
		A4F704AA41B008CA00000000 /* Bazel.app */ = {isa = PBXFileReference; explicitFileType = wrapper.application; path = Bazel.app; sourceTree = BUILT_PRODUCTS_DIR; };
		A4F704AA45B6A37A00000000 /* _idx_Sources_AA85414C_ios_min13.2.framework */ = {isa = PBXFileReference; explicitFileType = wrapper.framework; path = _idx_Sources_AA85414C_ios_min13.2.framework; sourceTree = BUILT_PRODUCTS_DIR; };
		A4F704AA6C69EDDB00000000 /* Base */ = {isa = PBXFileReference; lastKnownFileType = text; name = Base; path = Bazel/Base.lproj/LaunchScreen.storyboard; sourceTree = "<group>"; };
		A4F704AA7516E99200000000 /* ViewController.swift */ = {isa = PBXFileReference; lastKnownFileType = sourcecode.swift; name = ViewController.swift; path = Bazel/ViewController.swift; sourceTree = "<group>"; };
		A4F704AA79113FA000000000 /* Info.plist */ = {isa = PBXFileReference; explicitFileType = text.plist; name = Info.plist; path = "tulsi-workspace/bazel-tulsi-includes/x/x/Bazel/Bazel-intermediates/Info.plist"; sourceTree = "<group>"; };
		A4F704AACB623B7200000000 /* libBazel-Sources.a */ = {isa = PBXFileReference; explicitFileType = archive.ar; path = "libBazel-Sources.a"; sourceTree = BUILT_PRODUCTS_DIR; };
		A4F704AACC5994CD00000000 /* Info.plist */ = {isa = PBXFileReference; lastKnownFileType = text.plist; name = Info.plist; path = Bazel/Info.plist; sourceTree = "<group>"; };
		A4F704AAF01D883100000000 /* Base */ = {isa = PBXFileReference; lastKnownFileType = text; name = Base; path = Bazel/Base.lproj/Main.storyboard; sourceTree = "<group>"; };
		A4F704AAF42A3D1A00000000 /* SceneDelegate.swift */ = {isa = PBXFileReference; lastKnownFileType = sourcecode.swift; name = SceneDelegate.swift; path = Bazel/SceneDelegate.swift; sourceTree = "<group>"; };
		A4F704AAFAAB407200000000 /* _idx_Sources_AA85414C_ios_min13.0.framework */ = {isa = PBXFileReference; explicitFileType = wrapper.framework; path = _idx_Sources_AA85414C_ios_min13.0.framework; sourceTree = BUILT_PRODUCTS_DIR; };
/* End PBXFileReference section */

/* Begin PBXGroup section */
		09EDB6AB136FC79C00000000 /* Indexer */ = {
			isa = PBXGroup;
			children = (
				A4F704AAFAAB407200000000 /* _idx_Sources_AA85414C_ios_min13.0.framework */,
				A4F704AA45B6A37A00000000 /* _idx_Sources_AA85414C_ios_min13.2.framework */,
			);
			name = Indexer;
			sourceTree = "<group>";
		};
		09EDB6AB2D3011BC00000000 /* mainGroup */ = {
			isa = PBXGroup;
			children = (
				09EDB6AB2F14E81D00000000 /* Bazel */,
				09EDB6AB9BC07E1400000000 /* Products */,
			);
			name = mainGroup;
			sourceTree = SOURCE_ROOT;
		};
		09EDB6AB2F14E81D00000000 /* Bazel */ = {
			isa = PBXGroup;
			children = (
				A4F704AA3CFFE6F800000000 /* AppDelegate.swift */,
				A4F704AA1F45685D00000000 /* BUILD */,
				A4F704AACC5994CD00000000 /* Info.plist */,
				0790E6FF2A0120E600000000 /* LaunchScreen.storyboard */,
				0790E6FF8176768A00000000 /* Main.storyboard */,
				A4F704AAF42A3D1A00000000 /* SceneDelegate.swift */,
				A4F704AA7516E99200000000 /* ViewController.swift */,
			);
			name = Bazel;
			sourceTree = "<group>";
		};
		09EDB6AB2F14E81D00000001 /* Bazel */ = {
			isa = PBXGroup;
			children = (
				09EDB6AB6003E27400000000 /* Bazel-intermediates */,
			);
			name = Bazel;
			sourceTree = "<group>";
		};
		09EDB6AB562D5D6700000000 /* x */ = {
			isa = PBXGroup;
			children = (
				09EDB6AB562D5D6700000001 /* x */,
			);
			name = x;
			sourceTree = "<group>";
		};
		09EDB6AB562D5D6700000001 /* x */ = {
			isa = PBXGroup;
			children = (
				09EDB6AB2F14E81D00000001 /* Bazel */,
			);
			name = x;
			sourceTree = "<group>";
		};
		09EDB6AB6003E27400000000 /* Bazel-intermediates */ = {
			isa = PBXGroup;
			children = (
				A4F704AA79113FA000000000 /* Info.plist */,
			);
			name = "Bazel-intermediates";
			sourceTree = "<group>";
		};
		09EDB6AB900BB8BE00000000 /* bazel-tulsi-includes */ = {
			isa = PBXGroup;
			children = (
				09EDB6AB562D5D6700000000 /* x */,
			);
			name = "bazel-tulsi-includes";
			sourceTree = "<group>";
		};
		09EDB6AB9BC07E1400000000 /* Products */ = {
			isa = PBXGroup;
			children = (
				A4F704AA41B008CA00000000 /* Bazel.app */,
				09EDB6AB136FC79C00000000 /* Indexer */,
				09EDB6AB900BB8BE00000000 /* bazel-tulsi-includes */,
				A4F704AACB623B7200000000 /* libBazel-Sources.a */,
			);
			name = Products;
			sourceTree = "<group>";
		};
/* End PBXGroup section */

/* Begin PBXLegacyTarget section */
		9044B1F58B6520EC00000000 /* _bazel_clean_ */ = {
			isa = PBXLegacyTarget;
			buildArgumentsString = "\"/usr/local/bin/bazel\" \"bazel-bin\"";
			buildConfigurationList = E9627115622B14C100000000 /* Build configuration list for PBXLegacyTarget "_bazel_clean_" */;
			buildPhases = (
			);
			buildToolPath = "${PROJECT_FILE_PATH}/.tulsi/Scripts/bazel_clean.sh";
			buildWorkingDirectory = "";
			dependencies = (
			);
			name = _bazel_clean_;
			passBuildSettingsInEnvironment = 1;
			productName = _bazel_clean_;
		};
/* End PBXLegacyTarget section */

/* Begin PBXNativeTarget section */
		9AF13E035E29D03A00000000 /* Bazel */ = {
			isa = PBXNativeTarget;
			buildConfigurationList = E96271154DDBF28A00000000 /* Build configuration list for PBXNativeTarget "Bazel" */;
			buildPhases = (
				44A01E02CCB8D39D00000000 /* ShellScript */,
			);
			buildRules = (
			);
			dependencies = (
				562F339C8B6520ED00000000 /* PBXTargetDependency */,
			);
			name = Bazel;
			productName = Bazel;
			productReference = A4F704AA41B008CA00000000 /* Bazel.app */;
			productType = "com.apple.product-type.application";
		};
		9AF13E039CCE45F200000000 /* _idx_Sources_AA85414C_ios_min13.0 */ = {
			isa = PBXNativeTarget;
			buildConfigurationList = E962711586199ADF00000000 /* Build configuration list for PBXNativeTarget "_idx_Sources_AA85414C_ios_min13.0" */;
			buildPhases = (
				305A52FF0000000000000000 /* Sources */,
			);
			buildRules = (
			);
			dependencies = (
				562F339C8B6520ED00000000 /* PBXTargetDependency */,
			);
			name = _idx_Sources_AA85414C_ios_min13.0;
			productName = _idx_Sources_AA85414C_ios_min13.0;
			productReference = A4F704AAFAAB407200000000 /* _idx_Sources_AA85414C_ios_min13.0.framework */;
			productType = "com.apple.product-type.framework";
		};
		9AF13E03E97B3DC200000000 /* Bazel-Sources */ = {
			isa = PBXNativeTarget;
			buildConfigurationList = E962711583A1B06800000000 /* Build configuration list for PBXNativeTarget "Bazel-Sources" */;
			buildPhases = (
				44A01E0215861C3300000000 /* ShellScript */,
			);
			buildRules = (
			);
			dependencies = (
				562F339C8B6520ED00000000 /* PBXTargetDependency */,
			);
			name = "Bazel-Sources";
			productName = "Bazel-Sources";
			productReference = A4F704AACB623B7200000000 /* libBazel-Sources.a */;
			productType = "com.apple.product-type.library.static";
		};
		9AF13E03F149EE7400000000 /* _idx_Sources_AA85414C_ios_min13.2 */ = {
			isa = PBXNativeTarget;
			buildConfigurationList = E96271154754488500000000 /* Build configuration list for PBXNativeTarget "_idx_Sources_AA85414C_ios_min13.2" */;
			buildPhases = (
				305A52FF0000000000000001 /* Sources */,
			);
			buildRules = (
			);
			dependencies = (
				562F339C8B6520ED00000000 /* PBXTargetDependency */,
			);
			name = _idx_Sources_AA85414C_ios_min13.2;
			productName = _idx_Sources_AA85414C_ios_min13.2;
			productReference = A4F704AA45B6A37A00000000 /* _idx_Sources_AA85414C_ios_min13.2.framework */;
			productType = "com.apple.product-type.framework";
		};
/* End PBXNativeTarget section */

/* Begin PBXProject section */
		C21AD52C2F14E81D00000000 /* Project object */ = {
			isa = PBXProject;
			attributes = {
				LastSwiftUpdateCheck = 0710;
				LastUpgradeCheck = 1000;
			};
			buildConfigurationList = E9627115D160BC4C00000000 /* Build configuration list for PBXProject "Bazel" */;
			compatibilityVersion = "Xcode 3.2";
			developmentRegion = English;
			hasScannedForEncodings = 0;
			knownRegions = (
				English,
				en,
				Base,
			);
			mainGroup = 09EDB6AB2D3011BC00000000 /* mainGroup */;
			projectDirPath = "";
			projectRoot = "";
			targets = (
				9AF13E035E29D03A00000000 /* Bazel */,
				9AF13E03E97B3DC200000000 /* Bazel-Sources */,
				9044B1F58B6520EC00000000 /* _bazel_clean_ */,
				9AF13E039CCE45F200000000 /* _idx_Sources_AA85414C_ios_min13.0 */,
				9AF13E03F149EE7400000000 /* _idx_Sources_AA85414C_ios_min13.2 */,
			);
		};
/* End PBXProject section */

/* Begin PBXShellScriptBuildPhase section */
		44A01E0215861C3300000000 /* ShellScript */ = {
			isa = PBXShellScriptBuildPhase;
			buildActionMask = 0;
			files = (
			);
			inputPaths = (
				"$(TARGET_BUILD_DIR)/$(INFOPLIST_PATH)",
			);
			outputPaths = (
			);
			runOnlyForDeploymentPostprocessing = 0;
			shellPath = /bin/bash;
			shellScript = "set -e\n\nexec \"${PROJECT_FILE_PATH}/.tulsi/Scripts/bazel_build.py\" //Bazel:Sources --bazel \"/usr/local/bin/bazel\" --bazel_bin_path \"bazel-bin\" --verbose ";
		};
		44A01E02CCB8D39D00000000 /* ShellScript */ = {
			isa = PBXShellScriptBuildPhase;
			buildActionMask = 0;
			files = (
			);
			inputPaths = (
				"$(TARGET_BUILD_DIR)/$(INFOPLIST_PATH)",
			);
			outputPaths = (
			);
			runOnlyForDeploymentPostprocessing = 0;
			shellPath = /bin/bash;
			shellScript = "set -e\n\nexec \"${PROJECT_FILE_PATH}/.tulsi/Scripts/bazel_build.py\" //Bazel:Bazel --bazel \"/usr/local/bin/bazel\" --bazel_bin_path \"bazel-bin\" --verbose ";
		};
/* End PBXShellScriptBuildPhase section */

/* Begin PBXSourcesBuildPhase section */
		305A52FF0000000000000000 /* Sources */ = {
			isa = PBXSourcesBuildPhase;
			buildActionMask = 0;
			files = (
				9A7B04B6F42A3D1A00000000 /* SceneDelegate.swift in Sources */,
				9A7B04B63CFFE6F800000000 /* AppDelegate.swift in Sources */,
				9A7B04B67516E99200000000 /* ViewController.swift in Sources */,
			);
			runOnlyForDeploymentPostprocessing = 0;
		};
		305A52FF0000000000000001 /* Sources */ = {
			isa = PBXSourcesBuildPhase;
			buildActionMask = 0;
			files = (
				9A7B04B6F42A3D1A00000001 /* SceneDelegate.swift in Sources */,
				9A7B04B63CFFE6F800000001 /* AppDelegate.swift in Sources */,
				9A7B04B67516E99200000001 /* ViewController.swift in Sources */,
			);
			runOnlyForDeploymentPostprocessing = 0;
		};
/* End PBXSourcesBuildPhase section */

/* Begin PBXTargetDependency section */
		562F339C8B6520ED00000000 /* PBXTargetDependency */ = {
			isa = PBXTargetDependency;
			target = 9044B1F58B6520EC00000000 /* _bazel_clean_ */;
			targetProxy = 59F7CCCB8B6520ED00000000 /* PBXContainerItemProxy */;
		};
/* End PBXTargetDependency section */

/* Begin PBXVariantGroup section */
		0790E6FF2A0120E600000000 /* LaunchScreen.storyboard */ = {
			isa = PBXVariantGroup;
			children = (
				A4F704AA6C69EDDB00000000 /* Base */,
			);
			name = LaunchScreen.storyboard;
			sourceTree = "<group>";
		};
		0790E6FF8176768A00000000 /* Main.storyboard */ = {
			isa = PBXVariantGroup;
			children = (
				A4F704AAF01D883100000000 /* Base */,
			);
			name = Main.storyboard;
			sourceTree = "<group>";
		};
/* End PBXVariantGroup section */

/* Begin XCBuildConfiguration section */
		1B007A7DAF4B714000000000 /* Release */ = {
			isa = XCBuildConfiguration;
			buildSettings = {
				ALWAYS_SEARCH_USER_PATHS = NO;
				CLANG_CXX_LANGUAGE_STANDARD = "gnu++17";
				CLANG_ENABLE_OBJC_ARC = YES;
				CLANG_WARN_BOOL_CONVERSION = YES;
				CLANG_WARN_CONSTANT_CONVERSION = YES;
				CLANG_WARN_EMPTY_BODY = YES;
				CLANG_WARN_ENUM_CONVERSION = YES;
				CLANG_WARN_INT_CONVERSION = YES;
				CLANG_WARN_UNREACHABLE_CODE = YES;
				CLANG_WARN__DUPLICATE_METHOD_MATCH = YES;
				CODE_SIGNING_REQUIRED = NO;
				CODE_SIGN_IDENTITY = "";
				DONT_RUN_SWIFT_STDLIB_TOOL = YES;
				ENABLE_TESTABILITY = YES;
				FRAMEWORK_SEARCH_PATHS = "$(PLATFORM_DIR)/Developer/Library/Frameworks";
				GCC_PREPROCESSOR_DEFINITIONS = "NDEBUG=1";
				GCC_WARN_64_TO_32_BIT_CONVERSION = YES;
				GCC_WARN_ABOUT_RETURN_TYPE = YES;
				GCC_WARN_UNDECLARED_SELECTOR = YES;
				GCC_WARN_UNINITIALIZED_AUTOS = YES;
				GCC_WARN_UNUSED_FUNCTION = YES;
				GCC_WARN_UNUSED_VARIABLE = YES;
				HEADER_SEARCH_PATHS = (
					"$(TULSI_BWRS)",
					"$(TULSI_WR)/bazel-bin",
					"$(TULSI_WR)/bazel-genfiles",
					"$(TULSI_BWRS)/bazel-tulsi-includes/x/x",
				);
				ONLY_ACTIVE_ARCH = YES;
				PYTHONIOENCODING = utf8;
				SDKROOT = iphoneos;
				SWIFT_VERSION = 5.1;
				TULSI_BWRS = "$(PROJECT_FILE_PATH)/.tulsi/tulsi-workspace";
				TULSI_PROJECT = Bazel;
				TULSI_VERSION = 0.20200219.88;
				TULSI_WR = "$(SRCROOT)";
			};
			name = Release;
		};
		1B007A7DAF4B714000000001 /* Release */ = {
			isa = XCBuildConfiguration;
			buildSettings = {
				ASSETCATALOG_COMPILER_LAUNCHIMAGE_NAME = "Stub Launch Image";
				BAZEL_TARGET = "//Bazel:Bazel";
				DEBUG_INFORMATION_FORMAT = dwarf;
				GCC_PREPROCESSOR_DEFINITIONS = "NDEBUG=1";
				INFOPLIST_FILE = "${PROJECT_FILE_PATH}/.tulsi/Resources/StubInfoPlist.plist";
				IPHONEOS_DEPLOYMENT_TARGET = 13.0;
				PRODUCT_BUNDLE_IDENTIFIER = com.ogrenich.bazel;
				PRODUCT_NAME = Bazel;
				SDKROOT = iphoneos;
				TULSI_BUILD_PATH = Bazel;
				TULSI_XCODE_VERSION = 11.3.1.11C504;
			};
			name = Release;
		};
		1B007A7DAF4B714000000002 /* Release */ = {
			isa = XCBuildConfiguration;
			buildSettings = {
				ASSETCATALOG_COMPILER_LAUNCHIMAGE_NAME = "Stub Launch Image";
				BAZEL_TARGET = "//Bazel:Sources";
				DEBUG_INFORMATION_FORMAT = dwarf;
				GCC_PREPROCESSOR_DEFINITIONS = "NDEBUG=1";
				INFOPLIST_FILE = "${PROJECT_FILE_PATH}/.tulsi/Resources/StubInfoPlist.plist";
				IPHONEOS_DEPLOYMENT_TARGET = 13.2;
				PRODUCT_NAME = "Bazel-Sources";
				SDKROOT = iphoneos;
				TULSI_BUILD_PATH = Bazel;
				TULSI_XCODE_VERSION = 11.3.1.11C504;
			};
			name = Release;
		};
		1B007A7DAF4B714000000003 /* Release */ = {
			isa = XCBuildConfiguration;
			buildSettings = {
				GCC_PREPROCESSOR_DEFINITIONS = "NDEBUG=1";
				HEADER_SEARCH_PATHS = (
					"$(inherited)",
					"$(TULSI_BWRS)/bazel-tulsi-includes/x/x/",
				);
				IPHONEOS_DEPLOYMENT_TARGET = 13.0;
				OTHER_CFLAGS = (
					"-D_FORTIFY_SOURCE=1",
					"-D__DATE__=\"redacted\"",
					"-D__TIMESTAMP__=\"redacted\"",
					"-D__TIME__=\"redacted\"",
				);
				PRODUCT_NAME = _idx_Sources_AA85414C_ios_min13.0;
				SDKROOT = iphoneos;
				SWIFT_INCLUDE_PATHS = "$(inherited) $(TULSI_BWRS)/bazel-tulsi-includes/x/x/Bazel";
			};
			name = Release;
		};
		1B007A7DAF4B714000000004 /* Release */ = {
			isa = XCBuildConfiguration;
			buildSettings = {
				GCC_PREPROCESSOR_DEFINITIONS = "NDEBUG=1";
				HEADER_SEARCH_PATHS = (
					"$(inherited)",
					"$(TULSI_BWRS)/bazel-tulsi-includes/x/x/",
				);
				IPHONEOS_DEPLOYMENT_TARGET = 13.2;
				OTHER_CFLAGS = (
					"-D_FORTIFY_SOURCE=1",
					"-D__DATE__=\"redacted\"",
					"-D__TIMESTAMP__=\"redacted\"",
					"-D__TIME__=\"redacted\"",
				);
				PRODUCT_NAME = _idx_Sources_AA85414C_ios_min13.2;
				SDKROOT = iphoneos;
				SWIFT_INCLUDE_PATHS = "$(inherited) $(TULSI_BWRS)/bazel-tulsi-includes/x/x/Bazel";
			};
			name = Release;
		};
		1B007A7DD4EC958200000000 /* __TulsiTestRunner_Release */ = {
			isa = XCBuildConfiguration;
			buildSettings = {
				ALWAYS_SEARCH_USER_PATHS = NO;
				CLANG_CXX_LANGUAGE_STANDARD = "gnu++17";
				CLANG_ENABLE_OBJC_ARC = YES;
				CLANG_WARN_BOOL_CONVERSION = YES;
				CLANG_WARN_CONSTANT_CONVERSION = YES;
				CLANG_WARN_EMPTY_BODY = YES;
				CLANG_WARN_ENUM_CONVERSION = YES;
				CLANG_WARN_INT_CONVERSION = YES;
				CLANG_WARN_UNREACHABLE_CODE = YES;
				CLANG_WARN__DUPLICATE_METHOD_MATCH = YES;
				CODE_SIGNING_REQUIRED = NO;
				CODE_SIGN_IDENTITY = "";
				DONT_RUN_SWIFT_STDLIB_TOOL = YES;
				ENABLE_TESTABILITY = YES;
				FRAMEWORK_SEARCH_PATHS = "";
				GCC_PREPROCESSOR_DEFINITIONS = "NDEBUG=1";
				GCC_WARN_64_TO_32_BIT_CONVERSION = YES;
				GCC_WARN_ABOUT_RETURN_TYPE = YES;
				GCC_WARN_UNDECLARED_SELECTOR = YES;
				GCC_WARN_UNINITIALIZED_AUTOS = YES;
				GCC_WARN_UNUSED_FUNCTION = YES;
				GCC_WARN_UNUSED_VARIABLE = YES;
				HEADER_SEARCH_PATHS = "";
				ONLY_ACTIVE_ARCH = YES;
				OTHER_CFLAGS = "--version";
				OTHER_LDFLAGS = "--version";
				OTHER_SWIFT_FLAGS = "--version";
				PYTHONIOENCODING = utf8;
				SDKROOT = iphoneos;
				SWIFT_INSTALL_OBJC_HEADER = NO;
				SWIFT_OBJC_INTERFACE_HEADER_NAME = "$(PRODUCT_NAME).h";
				SWIFT_VERSION = 5.1;
				TULSI_BWRS = "$(PROJECT_FILE_PATH)/.tulsi/tulsi-workspace";
				TULSI_PROJECT = Bazel;
				TULSI_VERSION = 0.20200219.88;
				TULSI_WR = "$(SRCROOT)";
			};
			name = __TulsiTestRunner_Release;
		};
		1B007A7DD4EC958200000001 /* __TulsiTestRunner_Release */ = {
			isa = XCBuildConfiguration;
			buildSettings = {
				ASSETCATALOG_COMPILER_LAUNCHIMAGE_NAME = "Stub Launch Image";
				BAZEL_TARGET = "//Bazel:Bazel";
				DEBUG_INFORMATION_FORMAT = dwarf;
				FRAMEWORK_SEARCH_PATHS = "";
				GCC_PREPROCESSOR_DEFINITIONS = "NDEBUG=1";
				HEADER_SEARCH_PATHS = "";
				INFOPLIST_FILE = "${PROJECT_FILE_PATH}/.tulsi/Resources/StubInfoPlist.plist";
				IPHONEOS_DEPLOYMENT_TARGET = 13.0;
				ONLY_ACTIVE_ARCH = YES;
				OTHER_CFLAGS = "--version";
				OTHER_LDFLAGS = "--version";
				OTHER_SWIFT_FLAGS = "--version";
				PRODUCT_BUNDLE_IDENTIFIER = com.ogrenich.bazel;
				PRODUCT_NAME = Bazel;
				SDKROOT = iphoneos;
				SWIFT_INSTALL_OBJC_HEADER = NO;
				SWIFT_OBJC_INTERFACE_HEADER_NAME = "$(PRODUCT_NAME).h";
				TULSI_BUILD_PATH = Bazel;
				TULSI_XCODE_VERSION = 11.3.1.11C504;
			};
			name = __TulsiTestRunner_Release;
		};
		1B007A7DD4EC958200000002 /* __TulsiTestRunner_Release */ = {
			isa = XCBuildConfiguration;
			buildSettings = {
				ASSETCATALOG_COMPILER_LAUNCHIMAGE_NAME = "Stub Launch Image";
				BAZEL_TARGET = "//Bazel:Sources";
				DEBUG_INFORMATION_FORMAT = dwarf;
				FRAMEWORK_SEARCH_PATHS = "";
				GCC_PREPROCESSOR_DEFINITIONS = "NDEBUG=1";
				HEADER_SEARCH_PATHS = "";
				INFOPLIST_FILE = "${PROJECT_FILE_PATH}/.tulsi/Resources/StubInfoPlist.plist";
				IPHONEOS_DEPLOYMENT_TARGET = 13.2;
				ONLY_ACTIVE_ARCH = YES;
				OTHER_CFLAGS = "--version";
				OTHER_LDFLAGS = "--version";
				OTHER_SWIFT_FLAGS = "--version";
				PRODUCT_NAME = "Bazel-Sources";
				SDKROOT = iphoneos;
				SWIFT_INSTALL_OBJC_HEADER = NO;
				SWIFT_OBJC_INTERFACE_HEADER_NAME = "$(PRODUCT_NAME).h";
				TULSI_BUILD_PATH = Bazel;
				TULSI_XCODE_VERSION = 11.3.1.11C504;
			};
			name = __TulsiTestRunner_Release;
		};
		1B007A7DE5558E9100000000 /* __TulsiTestRunner_Debug */ = {
			isa = XCBuildConfiguration;
			buildSettings = {
				ALWAYS_SEARCH_USER_PATHS = NO;
				CLANG_CXX_LANGUAGE_STANDARD = "gnu++17";
				CLANG_ENABLE_OBJC_ARC = YES;
				CLANG_WARN_BOOL_CONVERSION = YES;
				CLANG_WARN_CONSTANT_CONVERSION = YES;
				CLANG_WARN_EMPTY_BODY = YES;
				CLANG_WARN_ENUM_CONVERSION = YES;
				CLANG_WARN_INT_CONVERSION = YES;
				CLANG_WARN_UNREACHABLE_CODE = YES;
				CLANG_WARN__DUPLICATE_METHOD_MATCH = YES;
				CODE_SIGNING_REQUIRED = NO;
				CODE_SIGN_IDENTITY = "";
				DONT_RUN_SWIFT_STDLIB_TOOL = YES;
				ENABLE_TESTABILITY = YES;
				FRAMEWORK_SEARCH_PATHS = "";
				GCC_PREPROCESSOR_DEFINITIONS = "DEBUG=1";
				GCC_WARN_64_TO_32_BIT_CONVERSION = YES;
				GCC_WARN_ABOUT_RETURN_TYPE = YES;
				GCC_WARN_UNDECLARED_SELECTOR = YES;
				GCC_WARN_UNINITIALIZED_AUTOS = YES;
				GCC_WARN_UNUSED_FUNCTION = YES;
				GCC_WARN_UNUSED_VARIABLE = YES;
				HEADER_SEARCH_PATHS = "";
				ONLY_ACTIVE_ARCH = YES;
				OTHER_CFLAGS = "--version";
				OTHER_LDFLAGS = "--version";
				OTHER_SWIFT_FLAGS = "--version";
				PYTHONIOENCODING = utf8;
				SDKROOT = iphoneos;
				SWIFT_INSTALL_OBJC_HEADER = NO;
				SWIFT_OBJC_INTERFACE_HEADER_NAME = "$(PRODUCT_NAME).h";
				SWIFT_VERSION = 5.1;
				TULSI_BWRS = "$(PROJECT_FILE_PATH)/.tulsi/tulsi-workspace";
				TULSI_PROJECT = Bazel;
				TULSI_VERSION = 0.20200219.88;
				TULSI_WR = "$(SRCROOT)";
			};
			name = __TulsiTestRunner_Debug;
		};
		1B007A7DE5558E9100000001 /* __TulsiTestRunner_Debug */ = {
			isa = XCBuildConfiguration;
			buildSettings = {
				ASSETCATALOG_COMPILER_LAUNCHIMAGE_NAME = "Stub Launch Image";
				BAZEL_TARGET = "//Bazel:Bazel";
				DEBUG_INFORMATION_FORMAT = dwarf;
				FRAMEWORK_SEARCH_PATHS = "";
				GCC_PREPROCESSOR_DEFINITIONS = "DEBUG=1";
				HEADER_SEARCH_PATHS = "";
				INFOPLIST_FILE = "${PROJECT_FILE_PATH}/.tulsi/Resources/StubInfoPlist.plist";
				IPHONEOS_DEPLOYMENT_TARGET = 13.0;
				ONLY_ACTIVE_ARCH = YES;
				OTHER_CFLAGS = "--version";
				OTHER_LDFLAGS = "--version";
				OTHER_SWIFT_FLAGS = "--version";
				PRODUCT_BUNDLE_IDENTIFIER = com.ogrenich.bazel;
				PRODUCT_NAME = Bazel;
				SDKROOT = iphoneos;
				SWIFT_INSTALL_OBJC_HEADER = NO;
				SWIFT_OBJC_INTERFACE_HEADER_NAME = "$(PRODUCT_NAME).h";
				TULSI_BUILD_PATH = Bazel;
				TULSI_XCODE_VERSION = 11.3.1.11C504;
			};
			name = __TulsiTestRunner_Debug;
		};
		1B007A7DE5558E9100000002 /* __TulsiTestRunner_Debug */ = {
			isa = XCBuildConfiguration;
			buildSettings = {
				ASSETCATALOG_COMPILER_LAUNCHIMAGE_NAME = "Stub Launch Image";
				BAZEL_TARGET = "//Bazel:Sources";
				DEBUG_INFORMATION_FORMAT = dwarf;
				FRAMEWORK_SEARCH_PATHS = "";
				GCC_PREPROCESSOR_DEFINITIONS = "DEBUG=1";
				HEADER_SEARCH_PATHS = "";
				INFOPLIST_FILE = "${PROJECT_FILE_PATH}/.tulsi/Resources/StubInfoPlist.plist";
				IPHONEOS_DEPLOYMENT_TARGET = 13.2;
				ONLY_ACTIVE_ARCH = YES;
				OTHER_CFLAGS = "--version";
				OTHER_LDFLAGS = "--version";
				OTHER_SWIFT_FLAGS = "--version";
				PRODUCT_NAME = "Bazel-Sources";
				SDKROOT = iphoneos;
				SWIFT_INSTALL_OBJC_HEADER = NO;
				SWIFT_OBJC_INTERFACE_HEADER_NAME = "$(PRODUCT_NAME).h";
				TULSI_BUILD_PATH = Bazel;
				TULSI_XCODE_VERSION = 11.3.1.11C504;
			};
			name = __TulsiTestRunner_Debug;
		};
		1B007A7DE63F256000000000 /* Debug */ = {
			isa = XCBuildConfiguration;
			buildSettings = {
				ALWAYS_SEARCH_USER_PATHS = NO;
				CLANG_CXX_LANGUAGE_STANDARD = "gnu++17";
				CLANG_ENABLE_OBJC_ARC = YES;
				CLANG_WARN_BOOL_CONVERSION = YES;
				CLANG_WARN_CONSTANT_CONVERSION = YES;
				CLANG_WARN_EMPTY_BODY = YES;
				CLANG_WARN_ENUM_CONVERSION = YES;
				CLANG_WARN_INT_CONVERSION = YES;
				CLANG_WARN_UNREACHABLE_CODE = YES;
				CLANG_WARN__DUPLICATE_METHOD_MATCH = YES;
				CODE_SIGNING_REQUIRED = NO;
				CODE_SIGN_IDENTITY = "";
				DONT_RUN_SWIFT_STDLIB_TOOL = YES;
				ENABLE_TESTABILITY = YES;
				FRAMEWORK_SEARCH_PATHS = "$(PLATFORM_DIR)/Developer/Library/Frameworks";
				GCC_PREPROCESSOR_DEFINITIONS = "DEBUG=1";
				GCC_WARN_64_TO_32_BIT_CONVERSION = YES;
				GCC_WARN_ABOUT_RETURN_TYPE = YES;
				GCC_WARN_UNDECLARED_SELECTOR = YES;
				GCC_WARN_UNINITIALIZED_AUTOS = YES;
				GCC_WARN_UNUSED_FUNCTION = YES;
				GCC_WARN_UNUSED_VARIABLE = YES;
				HEADER_SEARCH_PATHS = (
					"$(TULSI_BWRS)",
					"$(TULSI_WR)/bazel-bin",
					"$(TULSI_WR)/bazel-genfiles",
					"$(TULSI_BWRS)/bazel-tulsi-includes/x/x",
				);
				ONLY_ACTIVE_ARCH = YES;
				PYTHONIOENCODING = utf8;
				SDKROOT = iphoneos;
				SWIFT_VERSION = 5.1;
				TULSI_BWRS = "$(PROJECT_FILE_PATH)/.tulsi/tulsi-workspace";
				TULSI_PROJECT = Bazel;
				TULSI_VERSION = 0.20200219.88;
				TULSI_WR = "$(SRCROOT)";
			};
			name = Debug;
		};
		1B007A7DE63F256000000001 /* Debug */ = {
			isa = XCBuildConfiguration;
			buildSettings = {
				ASSETCATALOG_COMPILER_LAUNCHIMAGE_NAME = "Stub Launch Image";
				BAZEL_TARGET = "//Bazel:Bazel";
				DEBUG_INFORMATION_FORMAT = dwarf;
				GCC_PREPROCESSOR_DEFINITIONS = "DEBUG=1";
				INFOPLIST_FILE = "${PROJECT_FILE_PATH}/.tulsi/Resources/StubInfoPlist.plist";
				IPHONEOS_DEPLOYMENT_TARGET = 13.0;
				PRODUCT_BUNDLE_IDENTIFIER = com.ogrenich.bazel;
				PRODUCT_NAME = Bazel;
				SDKROOT = iphoneos;
				TULSI_BUILD_PATH = Bazel;
				TULSI_XCODE_VERSION = 11.3.1.11C504;
			};
			name = Debug;
		};
		1B007A7DE63F256000000002 /* Debug */ = {
			isa = XCBuildConfiguration;
			buildSettings = {
				ASSETCATALOG_COMPILER_LAUNCHIMAGE_NAME = "Stub Launch Image";
				BAZEL_TARGET = "//Bazel:Sources";
				DEBUG_INFORMATION_FORMAT = dwarf;
				GCC_PREPROCESSOR_DEFINITIONS = "DEBUG=1";
				INFOPLIST_FILE = "${PROJECT_FILE_PATH}/.tulsi/Resources/StubInfoPlist.plist";
				IPHONEOS_DEPLOYMENT_TARGET = 13.2;
				PRODUCT_NAME = "Bazel-Sources";
				SDKROOT = iphoneos;
				TULSI_BUILD_PATH = Bazel;
				TULSI_XCODE_VERSION = 11.3.1.11C504;
			};
			name = Debug;
		};
		1B007A7DE63F256000000003 /* Debug */ = {
			isa = XCBuildConfiguration;
			buildSettings = {
				GCC_PREPROCESSOR_DEFINITIONS = "DEBUG=1";
				HEADER_SEARCH_PATHS = (
					"$(inherited)",
					"$(TULSI_BWRS)/bazel-tulsi-includes/x/x/",
				);
				IPHONEOS_DEPLOYMENT_TARGET = 13.0;
				OTHER_CFLAGS = (
					"-D_FORTIFY_SOURCE=1",
					"-D__DATE__=\"redacted\"",
					"-D__TIMESTAMP__=\"redacted\"",
					"-D__TIME__=\"redacted\"",
				);
				PRODUCT_NAME = _idx_Sources_AA85414C_ios_min13.0;
				SDKROOT = iphoneos;
				SWIFT_INCLUDE_PATHS = "$(inherited) $(TULSI_BWRS)/bazel-tulsi-includes/x/x/Bazel";
			};
			name = Debug;
		};
		1B007A7DE63F256000000004 /* Debug */ = {
			isa = XCBuildConfiguration;
			buildSettings = {
				GCC_PREPROCESSOR_DEFINITIONS = "DEBUG=1";
				HEADER_SEARCH_PATHS = (
					"$(inherited)",
					"$(TULSI_BWRS)/bazel-tulsi-includes/x/x/",
				);
				IPHONEOS_DEPLOYMENT_TARGET = 13.2;
				OTHER_CFLAGS = (
					"-D_FORTIFY_SOURCE=1",
					"-D__DATE__=\"redacted\"",
					"-D__TIMESTAMP__=\"redacted\"",
					"-D__TIME__=\"redacted\"",
				);
				PRODUCT_NAME = _idx_Sources_AA85414C_ios_min13.2;
				SDKROOT = iphoneos;
				SWIFT_INCLUDE_PATHS = "$(inherited) $(TULSI_BWRS)/bazel-tulsi-includes/x/x/Bazel";
			};
			name = Debug;
		};
		F098B9C4242156A500F7DD87 /* Debug */ = {
			isa = XCBuildConfiguration;
			buildSettings = {
				COPY_PHASE_STRIP = NO;
				GCC_DYNAMIC_NO_PIC = NO;
				GCC_OPTIMIZATION_LEVEL = 0;
				PRODUCT_NAME = _bazel_clean_;
			};
			name = Debug;
		};
		F098B9C5242156A500F7DD87 /* Release */ = {
			isa = XCBuildConfiguration;
			buildSettings = {
				COPY_PHASE_STRIP = YES;
				DEBUG_INFORMATION_FORMAT = "dwarf-with-dsym";
				PRODUCT_NAME = _bazel_clean_;
			};
			name = Release;
		};
		F098B9C6242156A500F7DD87 /* __TulsiTestRunner_Debug */ = {
			isa = XCBuildConfiguration;
			buildSettings = {
				PRODUCT_NAME = _bazel_clean_;
			};
			name = __TulsiTestRunner_Debug;
		};
		F098B9C7242156A500F7DD87 /* __TulsiTestRunner_Release */ = {
			isa = XCBuildConfiguration;
			buildSettings = {
				PRODUCT_NAME = _bazel_clean_;
			};
			name = __TulsiTestRunner_Release;
		};
		F098B9C8242156A500F7DD87 /* __TulsiTestRunner_Debug */ = {
			isa = XCBuildConfiguration;
			buildSettings = {
				PRODUCT_NAME = _idx_Sources_AA85414C_ios_min13.0;
			};
			name = __TulsiTestRunner_Debug;
		};
		F098B9C9242156A500F7DD87 /* __TulsiTestRunner_Release */ = {
			isa = XCBuildConfiguration;
			buildSettings = {
				PRODUCT_NAME = _idx_Sources_AA85414C_ios_min13.0;
			};
			name = __TulsiTestRunner_Release;
		};
		F098B9CA242156A500F7DD87 /* __TulsiTestRunner_Debug */ = {
			isa = XCBuildConfiguration;
			buildSettings = {
				PRODUCT_NAME = _idx_Sources_AA85414C_ios_min13.2;
			};
			name = __TulsiTestRunner_Debug;
		};
		F098B9CB242156A500F7DD87 /* __TulsiTestRunner_Release */ = {
			isa = XCBuildConfiguration;
			buildSettings = {
				PRODUCT_NAME = _idx_Sources_AA85414C_ios_min13.2;
			};
			name = __TulsiTestRunner_Release;
		};
/* End XCBuildConfiguration section */

/* Begin XCConfigurationList section */
		E96271154754488500000000 /* Build configuration list for PBXNativeTarget "_idx_Sources_AA85414C_ios_min13.2" */ = {
			isa = XCConfigurationList;
			buildConfigurations = (
				1B007A7DE63F256000000004 /* Debug */,
				1B007A7DAF4B714000000004 /* Release */,
				F098B9CA242156A500F7DD87 /* __TulsiTestRunner_Debug */,
				F098B9CB242156A500F7DD87 /* __TulsiTestRunner_Release */,
			);
			defaultConfigurationIsVisible = 0;
			defaultConfigurationName = Release;
		};
		E96271154DDBF28A00000000 /* Build configuration list for PBXNativeTarget "Bazel" */ = {
			isa = XCConfigurationList;
			buildConfigurations = (
				1B007A7DE63F256000000001 /* Debug */,
				1B007A7DAF4B714000000001 /* Release */,
				1B007A7DE5558E9100000001 /* __TulsiTestRunner_Debug */,
				1B007A7DD4EC958200000001 /* __TulsiTestRunner_Release */,
			);
			defaultConfigurationIsVisible = 0;
			defaultConfigurationName = Release;
		};
		E9627115622B14C100000000 /* Build configuration list for PBXLegacyTarget "_bazel_clean_" */ = {
			isa = XCConfigurationList;
			buildConfigurations = (
				F098B9C4242156A500F7DD87 /* Debug */,
				F098B9C5242156A500F7DD87 /* Release */,
				F098B9C6242156A500F7DD87 /* __TulsiTestRunner_Debug */,
				F098B9C7242156A500F7DD87 /* __TulsiTestRunner_Release */,
			);
			defaultConfigurationIsVisible = 0;
			defaultConfigurationName = Release;
		};
		E962711583A1B06800000000 /* Build configuration list for PBXNativeTarget "Bazel-Sources" */ = {
			isa = XCConfigurationList;
			buildConfigurations = (
				1B007A7DE63F256000000002 /* Debug */,
				1B007A7DAF4B714000000002 /* Release */,
				1B007A7DE5558E9100000002 /* __TulsiTestRunner_Debug */,
				1B007A7DD4EC958200000002 /* __TulsiTestRunner_Release */,
			);
			defaultConfigurationIsVisible = 0;
			defaultConfigurationName = Release;
		};
		E962711586199ADF00000000 /* Build configuration list for PBXNativeTarget "_idx_Sources_AA85414C_ios_min13.0" */ = {
			isa = XCConfigurationList;
			buildConfigurations = (
				1B007A7DE63F256000000003 /* Debug */,
				1B007A7DAF4B714000000003 /* Release */,
				F098B9C8242156A500F7DD87 /* __TulsiTestRunner_Debug */,
				F098B9C9242156A500F7DD87 /* __TulsiTestRunner_Release */,
			);
			defaultConfigurationIsVisible = 0;
			defaultConfigurationName = Release;
		};
		E9627115D160BC4C00000000 /* Build configuration list for PBXProject "Bazel" */ = {
			isa = XCConfigurationList;
			buildConfigurations = (
				1B007A7DE63F256000000000 /* Debug */,
				1B007A7DAF4B714000000000 /* Release */,
				1B007A7DE5558E9100000000 /* __TulsiTestRunner_Debug */,
				1B007A7DD4EC958200000000 /* __TulsiTestRunner_Release */,
			);
			defaultConfigurationIsVisible = 0;
			defaultConfigurationName = Release;
		};
/* End XCConfigurationList section */
	};
	rootObject = C21AD52C2F14E81D00000000 /* Project object */;
}
