
<Scheme version="1.3" LastUpgradeVersion="1000">
    <BuildAction buildImplicitDependencies="YES" parallelizeBuildables="YES">
        <BuildActionEntries>
            <BuildActionEntry buildForArchiving="YES" buildForTesting="YES" buildForRunning="YES" buildForProfiling="YES" buildForAnalyzing="YES">
                <BuildableReference ReferencedContainer="container:Bazel.xcodeproj" BuildableName="_idx_Sources_4B3689EA_ios_min13.4.framework" BuildableIdentifier="primary" BlueprintIdentifier="EF8C9BCD19EB5B6A00000000" BlueprintName="_idx_Sources_4B3689EA_ios_min13.4"></BuildableReference>
            </BuildActionEntry>
            <BuildActionEntry buildForArchiving="YES" buildForAnalyzing="YES" buildForTesting="YES" buildForRunning="YES" buildForProfiling="YES">
                <BuildableReference BuildableIdentifier="primary" BlueprintName="_idx_Sources_4B3689EA_ios_min13.0" ReferencedContainer="container:Bazel.xcodeproj" BlueprintIdentifier="EF8C9BCDD4A4D41400000000" BuildableName="_idx_Sources_4B3689EA_ios_min13.0.framework"></BuildableReference>
            </BuildActionEntry>
        </BuildActionEntries>
    </BuildAction>
    <TestAction shouldUseLaunchSchemeArgsEnv="YES" selectedLauncherIdentifier="Xcode.DebuggerFoundation.Launcher.LLDB" buildConfiguration="Debug" selectedDebuggerIdentifier="Xcode.DebuggerFoundation.Debugger.LLDB">
        <Testables></Testables>
    </TestAction>
    <LaunchAction ignoresPersistentStateOnLaunch="NO" buildConfiguration="Debug" allowLocationSimulation="YES" launchStyle="0" selectedDebuggerIdentifier="Xcode.DebuggerFoundation.Debugger.LLDB" debugDocumentVersioning="YES" selectedLauncherIdentifier="Xcode.DebuggerFoundation.Launcher.LLDB" useCustomWorkingDirectory="NO" debugServiceExtension="internal">
        <EnvironmentVariables></EnvironmentVariables>
    </LaunchAction>
    <ProfileAction buildConfiguration="Release" shouldUseLaunchSchemeArgsEnv="YES" debugDocumentVersioning="YES" useCustomWorkingDirectory="NO"></ProfileAction>
    <AnalyzeAction buildConfiguration="Debug"></AnalyzeAction>
    <ArchiveAction revealArchiveInOrganizer="YES" buildConfiguration="Release"></ArchiveAction>
</Scheme>